
Microsoft Visual Studio Solution File, Format Version 12.00
# Visual Studio Version 16
VisualStudioVersion = 16.0.30611.23
MinimumVisualStudioVersion = 10.0.40219.1
Project("{FAE04EC0-301F-11D3-BF4B-00C04F79EFBC}") = "Supermarket", "Supermarket\Supermarket.csproj", "{2C5AA6D4-B9BE-4881-8050-F877BD5DA7D5}"
EndProject
Project("{FAE04EC0-301F-11D3-BF4B-00C04F79EFBC}") = "Supermarket.Tests", "Supermarket.Tests\Supermarket.Tests.csproj", "{5F4DA5F2-6A9A-4FA7-8A83-DD3B312C55FC}"
EndProject
Global
	GlobalSection(SolutionConfigurationPlatforms) = preSolution
		Debug|Any CPU = Debug|Any CPU
		Release|Any CPU = Release|Any CPU
	EndGlobalSection
	GlobalSection(ProjectConfigurationPlatforms) = postSolution
		{2C5AA6D4-B9BE-4881-8050-F877BD5DA7D5}.Debug|Any CPU.ActiveCfg = Debug|Any CPU
		{2C5AA6D4-B9BE-4881-8050-F877BD5DA7D5}.Debug|Any CPU.Build.0 = Debug|Any CPU
		{2C5AA6D4-B9BE-4881-8050-F877BD5DA7D5}.Release|Any CPU.ActiveCfg = Release|Any CPU
		{2C5AA6D4-B9BE-4881-8050-F877BD5DA7D5}.Release|Any CPU.Build.0 = Release|Any CPU
		{5F4DA5F2-6A9A-4FA7-8A83-DD3B312C55FC}.Debug|Any CPU.ActiveCfg = Debug|Any CPU
		{5F4DA5F2-6A9A-4FA7-8A83-DD3B312C55FC}.Debug|Any CPU.Build.0 = Debug|Any CPU
		{5F4DA5F2-6A9A-4FA7-8A83-DD3B312C55FC}.Release|Any CPU.ActiveCfg = Release|Any CPU
		{5F4DA5F2-6A9A-4FA7-8A83-DD3B312C55FC}.Release|Any CPU.Build.0 = Release|Any CPU
	EndGlobalSection
	GlobalSection(SolutionProperties) = preSolution
		HideSolutionNode = FALSE
	EndGlobalSection
	GlobalSection(ExtensibilityGlobals) = postSolution
		SolutionGuid = {6A2F171A-28A6-47BB-9272-497D00B12ABC}
	EndGlobalSection
EndGlobal
